
Microsoft Visual Studio Solution File, Format Version 12.00
# Visual Studio Version 17
VisualStudioVersion = 17.6.33723.286
MinimumVisualStudioVersion = 10.0.40219.1
Project("{9A19103F-16F7-4668-BE54-9A1E7A4F7556}") = "Ventas.DAL", "Ventas.DAL\Ventas.DAL.csproj", "{DFA0C37D-F6F5-4D51-94B0-C5C80FCA9339}"
EndProject
Project("{9A19103F-16F7-4668-BE54-9A1E7A4F7556}") = "Ventas.BLL", "Ventas.BLL\Ventas.BLL.csproj", "{56B3403D-AA1D-4A38-93EB-1303C0AC18F2}"
EndProject
Project("{9A19103F-16F7-4668-BE54-9A1E7A4F7556}") = "Ventas.Model", "Ventas.Model\Ventas.Model.csproj", "{FFA9A55D-B574-4199-A50E-E67DAE45EC01}"
EndProject
Project("{9A19103F-16F7-4668-BE54-9A1E7A4F7556}") = "Ventas.API", "Ventas.API\Ventas.API.csproj", "{AF55C762-2B18-4CA0-9C2D-3A098AEA9CED}"
EndProject
Project("{2150E333-8FDC-42A3-9474-1A3956D46DE8}") = "BD", "BD", "{BCCD54EC-886B-4C0C-8AEC-93207CC1D999}"
	ProjectSection(SolutionItems) = preProject
		Ventas_BD.sql = Ventas_BD.sql
	EndProjectSection
EndProject
Project("{9A19103F-16F7-4668-BE54-9A1E7A4F7556}") = "Ventas.TEST", "Ventas.TEST\Ventas.TEST.csproj", "{782F3C5D-A4F6-4C72-904C-0F4C243A2116}"
EndProject
Global
	GlobalSection(SolutionConfigurationPlatforms) = preSolution
		Debug|Any CPU = Debug|Any CPU
		Release|Any CPU = Release|Any CPU
	EndGlobalSection
	GlobalSection(ProjectConfigurationPlatforms) = postSolution
		{DFA0C37D-F6F5-4D51-94B0-C5C80FCA9339}.Debug|Any CPU.ActiveCfg = Debug|Any CPU
		{DFA0C37D-F6F5-4D51-94B0-C5C80FCA9339}.Debug|Any CPU.Build.0 = Debug|Any CPU
		{DFA0C37D-F6F5-4D51-94B0-C5C80FCA9339}.Release|Any CPU.ActiveCfg = Release|Any CPU
		{DFA0C37D-F6F5-4D51-94B0-C5C80FCA9339}.Release|Any CPU.Build.0 = Release|Any CPU
		{56B3403D-AA1D-4A38-93EB-1303C0AC18F2}.Debug|Any CPU.ActiveCfg = Debug|Any CPU
		{56B3403D-AA1D-4A38-93EB-1303C0AC18F2}.Debug|Any CPU.Build.0 = Debug|Any CPU
		{56B3403D-AA1D-4A38-93EB-1303C0AC18F2}.Release|Any CPU.ActiveCfg = Release|Any CPU
		{56B3403D-AA1D-4A38-93EB-1303C0AC18F2}.Release|Any CPU.Build.0 = Release|Any CPU
		{FFA9A55D-B574-4199-A50E-E67DAE45EC01}.Debug|Any CPU.ActiveCfg = Debug|Any CPU
		{FFA9A55D-B574-4199-A50E-E67DAE45EC01}.Debug|Any CPU.Build.0 = Debug|Any CPU
		{FFA9A55D-B574-4199-A50E-E67DAE45EC01}.Release|Any CPU.ActiveCfg = Release|Any CPU
		{FFA9A55D-B574-4199-A50E-E67DAE45EC01}.Release|Any CPU.Build.0 = Release|Any CPU
		{AF55C762-2B18-4CA0-9C2D-3A098AEA9CED}.Debug|Any CPU.ActiveCfg = Debug|Any CPU
		{AF55C762-2B18-4CA0-9C2D-3A098AEA9CED}.Debug|Any CPU.Build.0 = Debug|Any CPU
		{AF55C762-2B18-4CA0-9C2D-3A098AEA9CED}.Release|Any CPU.ActiveCfg = Release|Any CPU
		{AF55C762-2B18-4CA0-9C2D-3A098AEA9CED}.Release|Any CPU.Build.0 = Release|Any CPU
		{782F3C5D-A4F6-4C72-904C-0F4C243A2116}.Debug|Any CPU.ActiveCfg = Debug|Any CPU
		{782F3C5D-A4F6-4C72-904C-0F4C243A2116}.Debug|Any CPU.Build.0 = Debug|Any CPU
		{782F3C5D-A4F6-4C72-904C-0F4C243A2116}.Release|Any CPU.ActiveCfg = Release|Any CPU
		{782F3C5D-A4F6-4C72-904C-0F4C243A2116}.Release|Any CPU.Build.0 = Release|Any CPU
	EndGlobalSection
	GlobalSection(SolutionProperties) = preSolution
		HideSolutionNode = FALSE
	EndGlobalSection
	GlobalSection(ExtensibilityGlobals) = postSolution
		SolutionGuid = {0AA5956F-3457-46B4-A03E-3D389E764C5B}
	EndGlobalSection
EndGlobal
